Microsoft Visual Studio Solution File, Format Version 9.00
# Visual C++ Express 2005
Project("{8BC9CEB8-8B4A-11D0-8D11-00A0C91BC942}") = "DRODLib", "..\DRODLib\DRODLib.vcproj", "{7105881E-2DA6-4044-8EC7-2691F24B296A}"
	ProjectSection(ProjectDependencies) = postProject
		{896C0D2A-91F2-4988-911E-C3D00912C5C9} = {896C0D2A-91F2-4988-911E-C3D00912C5C9}
	EndProjectSection
EndProject
Project("{8BC9CEB8-8B4A-11D0-8D11-00A0C91BC942}") = "DRODUtil", "..\DRODUtil\DRODUtil.vcproj", "{7B031E3B-8A8E-4260-B496-9909A8E50E1B}"
	ProjectSection(ProjectDependencies) = postProject
		{A23303CA-ACF1-4BAC-9519-0E5FEBFF69C1} = {A23303CA-ACF1-4BAC-9519-0E5FEBFF69C1}
		{3FDF4563-C819-4E05-8958-E3D652C5B432} = {3FDF4563-C819-4E05-8958-E3D652C5B432}
		{896C0D2A-91F2-4988-911E-C3D00912C5C9} = {896C0D2A-91F2-4988-911E-C3D00912C5C9}
		{7105881E-2DA6-4044-8EC7-2691F24B296A} = {7105881E-2DA6-4044-8EC7-2691F24B296A}
	EndProjectSection
EndProject
Project("{8BC9CEB8-8B4A-11D0-8D11-00A0C91BC942}") = "drod", "..\DROD\drod.vcproj", "{3FDF4563-C819-4E05-8958-E3D652C5B432}"
	ProjectSection(ProjectDependencies) = postProject
		{896C0D2A-91F2-4988-911E-C3D00912C5C9} = {896C0D2A-91F2-4988-911E-C3D00912C5C9}
		{7105881E-2DA6-4044-8EC7-2691F24B296A} = {7105881E-2DA6-4044-8EC7-2691F24B296A}
		{AA06DDE7-BE8E-4411-8EAC-1CF60EEE2F02} = {AA06DDE7-BE8E-4411-8EAC-1CF60EEE2F02}
		{A23303CA-ACF1-4BAC-9519-0E5FEBFF69C1} = {A23303CA-ACF1-4BAC-9519-0E5FEBFF69C1}
	EndProjectSection
EndProject
Project("{8BC9CEB8-8B4A-11D0-8D11-00A0C91BC942}") = "BackEndLib", "..\..\BackEndLib\BackEndLib.vcproj", "{896C0D2A-91F2-4988-911E-C3D00912C5C9}"
EndProject
Project("{8BC9CEB8-8B4A-11D0-8D11-00A0C91BC942}") = "FrontEndLib", "..\..\FrontEndLib\FrontEndLib.vcproj", "{A23303CA-ACF1-4BAC-9519-0E5FEBFF69C1}"
	ProjectSection(ProjectDependencies) = postProject
		{896C0D2A-91F2-4988-911E-C3D00912C5C9} = {896C0D2A-91F2-4988-911E-C3D00912C5C9}
	EndProjectSection
EndProject
Project("{8BC9CEB8-8B4A-11D0-8D11-00A0C91BC942}") = "CaravelNet", "..\CaravelNet\CaravelNet.vcproj", "{AA06DDE7-BE8E-4411-8EAC-1CF60EEE2F02}"
	ProjectSection(ProjectDependencies) = postProject
		{7105881E-2DA6-4044-8EC7-2691F24B296A} = {7105881E-2DA6-4044-8EC7-2691F24B296A}
		{896C0D2A-91F2-4988-911E-C3D00912C5C9} = {896C0D2A-91F2-4988-911E-C3D00912C5C9}
	EndProjectSection
EndProject
Project("{8BC9CEB8-8B4A-11D0-8D11-00A0C91BC942}") = "RoomImageSpider", "..\RoomImageSpider\RoomImageSpider.vcproj", "{4B834A9B-DE9C-4ADA-A18F-01A66A39CD49}"
	ProjectSection(ProjectDependencies) = postProject
		{7105881E-2DA6-4044-8EC7-2691F24B296A} = {7105881E-2DA6-4044-8EC7-2691F24B296A}
		{AA06DDE7-BE8E-4411-8EAC-1CF60EEE2F02} = {AA06DDE7-BE8E-4411-8EAC-1CF60EEE2F02}
		{A23303CA-ACF1-4BAC-9519-0E5FEBFF69C1} = {A23303CA-ACF1-4BAC-9519-0E5FEBFF69C1}
		{3FDF4563-C819-4E05-8958-E3D652C5B432} = {3FDF4563-C819-4E05-8958-E3D652C5B432}
		{896C0D2A-91F2-4988-911E-C3D00912C5C9} = {896C0D2A-91F2-4988-911E-C3D00912C5C9}
	EndProjectSection
EndProject
Global
	GlobalSection(SolutionConfigurationPlatforms) = preSolution
		BuildDats|Win32 = BuildDats|Win32
		Debug|Win32 = Debug|Win32
		Release|Win32 = Release|Win32
		Russian|Win32 = Russian|Win32
	EndGlobalSection
	GlobalSection(ProjectConfigurationPlatforms) = postSolution
		{7105881E-2DA6-4044-8EC7-2691F24B296A}.BuildDats|Win32.ActiveCfg = BuildDats|Win32
		{7105881E-2DA6-4044-8EC7-2691F24B296A}.BuildDats|Win32.Build.0 = BuildDats|Win32
		{7105881E-2DA6-4044-8EC7-2691F24B296A}.Debug|Win32.ActiveCfg = Debug|Win32
		{7105881E-2DA6-4044-8EC7-2691F24B296A}.Debug|Win32.Build.0 = Debug|Win32
		{7105881E-2DA6-4044-8EC7-2691F24B296A}.Release|Win32.ActiveCfg = Release|Win32
		{7105881E-2DA6-4044-8EC7-2691F24B296A}.Release|Win32.Build.0 = Release|Win32
		{7105881E-2DA6-4044-8EC7-2691F24B296A}.Russian|Win32.ActiveCfg = Russian|Win32
		{7105881E-2DA6-4044-8EC7-2691F24B296A}.Russian|Win32.Build.0 = Russian|Win32
		{7B031E3B-8A8E-4260-B496-9909A8E50E1B}.BuildDats|Win32.ActiveCfg = BuildDats|Win32
		{7B031E3B-8A8E-4260-B496-9909A8E50E1B}.Debug|Win32.ActiveCfg = Debug|Win32
		{7B031E3B-8A8E-4260-B496-9909A8E50E1B}.Debug|Win32.Build.0 = Debug|Win32
		{7B031E3B-8A8E-4260-B496-9909A8E50E1B}.Release|Win32.ActiveCfg = Release|Win32
		{7B031E3B-8A8E-4260-B496-9909A8E50E1B}.Release|Win32.Build.0 = Release|Win32
		{7B031E3B-8A8E-4260-B496-9909A8E50E1B}.Russian|Win32.ActiveCfg = Release|Win32
		{7B031E3B-8A8E-4260-B496-9909A8E50E1B}.Russian|Win32.Build.0 = Release|Win32
		{3FDF4563-C819-4E05-8958-E3D652C5B432}.BuildDats|Win32.ActiveCfg = BuildDats|Win32
		{3FDF4563-C819-4E05-8958-E3D652C5B432}.BuildDats|Win32.Build.0 = BuildDats|Win32
		{3FDF4563-C819-4E05-8958-E3D652C5B432}.Debug|Win32.ActiveCfg = Debug|Win32
		{3FDF4563-C819-4E05-8958-E3D652C5B432}.Debug|Win32.Build.0 = Debug|Win32
		{3FDF4563-C819-4E05-8958-E3D652C5B432}.Release|Win32.ActiveCfg = Release|Win32
		{3FDF4563-C819-4E05-8958-E3D652C5B432}.Release|Win32.Build.0 = Release|Win32
		{3FDF4563-C819-4E05-8958-E3D652C5B432}.Russian|Win32.ActiveCfg = Russian|Win32
		{3FDF4563-C819-4E05-8958-E3D652C5B432}.Russian|Win32.Build.0 = Russian|Win32
		{896C0D2A-91F2-4988-911E-C3D00912C5C9}.BuildDats|Win32.ActiveCfg = Release|Win32
		{896C0D2A-91F2-4988-911E-C3D00912C5C9}.BuildDats|Win32.Build.0 = Release|Win32
		{896C0D2A-91F2-4988-911E-C3D00912C5C9}.Debug|Win32.ActiveCfg = Debug|Win32
		{896C0D2A-91F2-4988-911E-C3D00912C5C9}.Debug|Win32.Build.0 = Debug|Win32
		{896C0D2A-91F2-4988-911E-C3D00912C5C9}.Release|Win32.ActiveCfg = Release|Win32
		{896C0D2A-91F2-4988-911E-C3D00912C5C9}.Release|Win32.Build.0 = Release|Win32
		{896C0D2A-91F2-4988-911E-C3D00912C5C9}.Russian|Win32.ActiveCfg = Release|Win32
		{896C0D2A-91F2-4988-911E-C3D00912C5C9}.Russian|Win32.Build.0 = Release|Win32
		{A23303CA-ACF1-4BAC-9519-0E5FEBFF69C1}.BuildDats|Win32.ActiveCfg = Release|Win32
		{A23303CA-ACF1-4BAC-9519-0E5FEBFF69C1}.BuildDats|Win32.Build.0 = Release|Win32
		{A23303CA-ACF1-4BAC-9519-0E5FEBFF69C1}.Debug|Win32.ActiveCfg = Debug|Win32
		{A23303CA-ACF1-4BAC-9519-0E5FEBFF69C1}.Debug|Win32.Build.0 = Debug|Win32
		{A23303CA-ACF1-4BAC-9519-0E5FEBFF69C1}.Release|Win32.ActiveCfg = Release|Win32
		{A23303CA-ACF1-4BAC-9519-0E5FEBFF69C1}.Release|Win32.Build.0 = Release|Win32
		{A23303CA-ACF1-4BAC-9519-0E5FEBFF69C1}.Russian|Win32.ActiveCfg = Russian|Win32
		{A23303CA-ACF1-4BAC-9519-0E5FEBFF69C1}.Russian|Win32.Build.0 = Russian|Win32
		{AA06DDE7-BE8E-4411-8EAC-1CF60EEE2F02}.BuildDats|Win32.ActiveCfg = BuildDats|Win32
		{AA06DDE7-BE8E-4411-8EAC-1CF60EEE2F02}.BuildDats|Win32.Build.0 = BuildDats|Win32
		{AA06DDE7-BE8E-4411-8EAC-1CF60EEE2F02}.Debug|Win32.ActiveCfg = Debug|Win32
		{AA06DDE7-BE8E-4411-8EAC-1CF60EEE2F02}.Debug|Win32.Build.0 = Debug|Win32
		{AA06DDE7-BE8E-4411-8EAC-1CF60EEE2F02}.Release|Win32.ActiveCfg = Release|Win32
		{AA06DDE7-BE8E-4411-8EAC-1CF60EEE2F02}.Release|Win32.Build.0 = Release|Win32
		{AA06DDE7-BE8E-4411-8EAC-1CF60EEE2F02}.Russian|Win32.ActiveCfg = Russian|Win32
		{AA06DDE7-BE8E-4411-8EAC-1CF60EEE2F02}.Russian|Win32.Build.0 = Russian|Win32
		{4B834A9B-DE9C-4ADA-A18F-01A66A39CD49}.BuildDats|Win32.ActiveCfg = Release|Win32
		{4B834A9B-DE9C-4ADA-A18F-01A66A39CD49}.BuildDats|Win32.Build.0 = Release|Win32
		{4B834A9B-DE9C-4ADA-A18F-01A66A39CD49}.Debug|Win32.ActiveCfg = Debug|Win32
		{4B834A9B-DE9C-4ADA-A18F-01A66A39CD49}.Debug|Win32.Build.0 = Debug|Win32
		{4B834A9B-DE9C-4ADA-A18F-01A66A39CD49}.Release|Win32.ActiveCfg = Release|Win32
		{4B834A9B-DE9C-4ADA-A18F-01A66A39CD49}.Release|Win32.Build.0 = Release|Win32
		{4B834A9B-DE9C-4ADA-A18F-01A66A39CD49}.Russian|Win32.ActiveCfg = Release|Win32
		{4B834A9B-DE9C-4ADA-A18F-01A66A39CD49}.Russian|Win32.Build.0 = Release|Win32
	EndGlobalSection
	GlobalSection(SolutionProperties) = preSolution
		HideSolutionNode = FALSE
	EndGlobalSection
EndGlobal
