<?xml version="1.0" encoding="utf-8"?>
<Project ToolsVersion="4.0" xmlns="http://schemas.microsoft.com/developer/msbuild/2003">
  <ItemGroup>
    <Filter Include="Libraries">
      <UniqueIdentifier>{97f3515f-f34d-475b-8d1f-324b2003d353}</UniqueIdentifier>
    </Filter>
    <Filter Include="Tests">
      <UniqueIdentifier>{cf7ed2a8-76a3-492c-bc5e-35a02766da46}</UniqueIdentifier>
    </Filter>
    <Filter Include="Tests\Monsters">
      <UniqueIdentifier>{35685b6b-13e1-40c4-9c55-df306198f681}</UniqueIdentifier>
    </Filter>
    <Filter Include="Tests\PlayerRoles">
      <UniqueIdentifier>{5c0a527f-3319-4fce-ac1e-6c6fe3a9f1aa}</UniqueIdentifier>
    </Filter>
    <Filter Include="Tests\Scripting">
      <UniqueIdentifier>{b64b4e5f-706c-4eef-b969-3c2a26e9a351}</UniqueIdentifier>
    </Filter>
    <Filter Include="Tests\TemporalToken">
      <UniqueIdentifier>{c9d61e6f-6b68-4550-bc9b-8b09b3687072}</UniqueIdentifier>
    </Filter>
    <Filter Include="Tests\Monsters\ArmedMonsters">
      <UniqueIdentifier>{3fc21718-b889-4e0e-a69c-d4798bb3a865}</UniqueIdentifier>
    </Filter>
    <Filter Include="Tests\Monsters\Rattlesnake">
      <UniqueIdentifier>{54c4d066-cea2-457d-bb23-5374609a52b1}</UniqueIdentifier>
    </Filter>
    <Filter Include="Tests\Monsters\Seep">
      <UniqueIdentifier>{9e645e8d-5317-4e45-8988-a14bf43efe34}</UniqueIdentifier>
    </Filter>
    <Filter Include="Tests\Scripting\ImperativePushable">
      <UniqueIdentifier>{fc5d3ee5-b39b-461f-9711-3ce2598fa951}</UniqueIdentifier>
    </Filter>
    <Filter Include="Tests\Scripting\WaitForSomeoneToPushMe">
      <UniqueIdentifier>{6671fb52-fba2-4ad4-915e-7fc412148b85}</UniqueIdentifier>
    </Filter>
    <Filter Include="Tests\Player">
      <UniqueIdentifier>{2ec42305-0c5b-418b-ae6d-5376d50b0ffd}</UniqueIdentifier>
    </Filter>
    <Filter Include="Tests\Player\Basic">
      <UniqueIdentifier>{0b9c4093-7457-4f20-9b26-41e32707448e}</UniqueIdentifier>
    </Filter>
    <Filter Include="Tests\Scripting\TeleportPlayer">
      <UniqueIdentifier>{bd4c53fe-43c8-4bd0-9ea6-dd9ab591d49f}</UniqueIdentifier>
    </Filter>
    <Filter Include="Tests\Scripting\Build">
      <UniqueIdentifier>{097f8041-becf-48ff-bc0f-8ac393647155}</UniqueIdentifier>
    </Filter>
    <Filter Include="Tests\Player\Bugs">
      <UniqueIdentifier>{613a9e75-167e-41b7-9baf-48c3df873f1e}</UniqueIdentifier>
    </Filter>
    <Filter Include="Tests\Scripting\WaitForItem">
      <UniqueIdentifier>{5f3c48ef-e3a8-4230-a5b2-a1e00b1ca1ba}</UniqueIdentifier>
    </Filter>
    <Filter Include="Tests\Monsters\Puff">
      <UniqueIdentifier>{a963cf0f-9318-4930-a901-fca36e7484c7}</UniqueIdentifier>
    </Filter>
    <Filter Include="Tests\Crashes">
      <UniqueIdentifier>{f48ae1e5-b356-489f-864f-23412883f2a0}</UniqueIdentifier>
    </Filter>
    <Filter Include="Tests\Monsters\Aumtlich">
      <UniqueIdentifier>{fa5c72e4-826f-4ba5-8178-7fc6c882a1fe}</UniqueIdentifier>
    </Filter>
    <Filter Include="Tests\Monsters\RoachQueen">
      <UniqueIdentifier>{88c4c524-6613-42b5-8ffd-1652bea3a1d8}</UniqueIdentifier>
    </Filter>
  </ItemGroup>
  <ItemGroup>
    <ClInclude Include="src\catch.hpp">
      <Filter>Libraries</Filter>
    </ClInclude>
    <ClInclude Include="src\CTestDb.h" />
    <ClInclude Include="src\RoomBuilder.h" />
    <ClInclude Include="src\Runner.h" />
  </ItemGroup>
  <ItemGroup>
    <ClCompile Include="src\main.cpp" />
    <ClCompile Include="src\CTestDb.cpp" />
    <ClCompile Include="src\RoomBuilder.cpp" />
    <ClCompile Include="src\Runner.cpp" />
    <ClCompile Include="src\tests\Monsters\ArmedMonsters\MovingIntoPuffs.cpp">
      <Filter>Tests\Monsters\ArmedMonsters</Filter>
    </ClCompile>
    <ClCompile Include="src\tests\Monsters\ArmedMonsters\StrikingWhenStunned.cpp">
      <Filter>Tests\Monsters\ArmedMonsters</Filter>
    </ClCompile>
    <ClCompile Include="src\tests\Monsters\Rattlesnake\RattlesnakeVsFiretrap.cpp">
      <Filter>Tests\Monsters\Rattlesnake</Filter>
    </ClCompile>
    <ClCompile Include="src\tests\Monsters\Seep\SeepVsPit.cpp">
      <Filter>Tests\Monsters\Seep</Filter>
    </ClCompile>
    <ClCompile Include="src\tests\PlayerRoles\WraithwingPlayerRole.cpp">
      <Filter>Tests\PlayerRoles</Filter>
    </ClCompile>
    <ClCompile Include="src\tests\Scripting\ImperativePushable\PushableByBody.cpp">
      <Filter>Tests\Scripting\ImperativePushable</Filter>
    </ClCompile>
    <ClCompile Include="src\tests\Scripting\ImperativePushable\PushableByWeapon.cpp">
      <Filter>Tests\Scripting\ImperativePushable</Filter>
    </ClCompile>
    <ClCompile Include="src\tests\Scripting\WaitForSomeoneToPushMe\WaitForSomeoneToPushMe.cpp">
      <Filter>Tests\Scripting\WaitForSomeoneToPushMe</Filter>
    </ClCompile>
    <ClCompile Include="src\tests\TemporalToken\TemporalProjectionVsFluff.cpp">
      <Filter>Tests\TemporalToken</Filter>
    </ClCompile>
    <ClCompile Include="src\tests\Player\Basic\MoveBeethroInEmptyRoom.cpp">
      <Filter>Tests\Player\Basic</Filter>
    </ClCompile>
    <ClCompile Include="src\tests\Scripting\TeleportPlayer\TeleportPlayer.cpp">
      <Filter>Tests\Scripting\TeleportPlayer</Filter>
    </ClCompile>
    <ClCompile Include="src\tests\Player\Basic\BeethroVsPressurePlate.cpp">
      <Filter>Libraries</Filter>
    </ClCompile>
    <ClCompile Include="src\tests\Scripting\Build\BuildingOrbs.cpp">
      <Filter>Tests\Scripting\Build</Filter>
    </ClCompile>
    <ClCompile Include="src\tests\Scripting\Build\BuildingTarstuff.cpp">
      <Filter>Tests\Scripting\Build</Filter>
    </ClCompile>
    <ClCompile Include="src\tests\PlayerRoles\PuffPlayerRole.cpp">
      <Filter>Tests\PlayerRoles</Filter>
    </ClCompile>
    <ClCompile Include="src\tests\PlayerRoles\FegundoPlayerRole.cpp">
      <Filter>Tests\PlayerRoles</Filter>
    </ClCompile>
    <ClCompile Include="src\tests\PlayerRoles\ConstructPlayerRole.cpp">
      <Filter>Tests\PlayerRoles</Filter>
    </ClCompile>
    <ClCompile Include="src\tests\Player\Bugs\PushedPlayerKilledByHotTiles.cpp">
      <Filter>Tests\Player\Bugs</Filter>
    </ClCompile>
    <ClCompile Include="src\tests\Player\Bugs\PushingMonstersOnHotTiles.cpp">
      <Filter>Tests\Player\Bugs</Filter>
    </ClCompile>
    <ClCompile Include="src\tests\Monsters\ArmedMonsters\BeingKilledByMonsters.cpp">
      <Filter>Tests\Monsters\ArmedMonsters</Filter>
    </ClCompile>
    <ClCompile Include="src\tests\Scripting\WaitForItem\WaitForPressurePlates.cpp">
      <Filter>Tests\Scripting\WaitForItem</Filter>
    </ClCompile>
    <ClCompile Include="src\tests\Scripting\WaitForItem\WaitForLight.cpp">
      <Filter>Tests\Scripting\WaitForItem</Filter>
    </ClCompile>
    <ClCompile Include="src\tests\Scripting\WaitForItem\WaitForToken.cpp">
      <Filter>Tests\Scripting\WaitForItem</Filter>
    </ClCompile>
    <ClCompile Include="src\tests\Monsters\ArmedMonsters\StalwartsAttackWithDagger.cpp">
      <Filter>Tests\Monsters\ArmedMonsters</Filter>
    </ClCompile>
    <ClCompile Include="src\tests\Monsters\Puff\PuffTargetsVisibleClone.cpp">
      <Filter>Tests\Monsters\Puff</Filter>
    </ClCompile>
    <ClCompile Include="src\tests\Monsters\Puff\PuffPushingArrowsOrthosquares.cpp">
      <Filter>Tests\Monsters\Puff</Filter>
    </ClCompile>
    <ClCompile Include="src\tests\Crashes\DisablingProcessedFiretrapCrash.cpp">
      <Filter>Tests\Crashes</Filter>
    </ClCompile>
    <ClCompile Include="src\tests\Scripting\WaitForItem\WaitForOrb.cpp">
      <Filter>Tests\Scripting\WaitForItem</Filter>
    </ClCompile>
    <ClCompile Include="src\tests\Scripting\Build\BuildSanityTest.cpp">
      <Filter>Tests\Scripting\Build</Filter>
    </ClCompile>
    <ClCompile Include="src\tests\Scripting\Build\BuildingBombs.cpp">
      <Filter>Tests\Scripting\Build</Filter>
    </ClCompile>
    <ClCompile Include="src\tests\Monsters\Aumtlich\CrackedOrbs.cpp" />
    <ClCompile Include="src\tests\Monsters\RoachQueen\StunnedRoachQueen.cpp">
      <Filter>Tests\Monsters\RoachQueen</Filter>
    </ClCompile>
    <ClCompile Include="src\tests\Monsters\ArmedMonsters\RearmedGuards.cpp">
      <Filter>Tests\Monsters\ArmedMonsters</Filter>
    </ClCompile>
    <ClCompile Include="src\tests\Monsters\ArmedMonsters\RearmedSlayers.cpp">
      <Filter>Tests\Monsters\ArmedMonsters</Filter>
    </ClCompile>
    <ClCompile Include="src\tests\Monsters\ArmedMonsters\RearmedStalwarts.cpp">
      <Filter>Tests\Monsters\ArmedMonsters</Filter>
    </ClCompile>
  </ItemGroup>
</Project>