<?xml version="1.0" encoding="utf-8"?>
<Project ToolsVersion="4.0" xmlns="http://schemas.microsoft.com/developer/msbuild/2003">
  <ItemGroup>
    <ClCompile Include="src\main.cpp" />
    <ClCompile Include="src\tests\Crashes\DisablingProcessedFiretrapCrash.cpp">
      <Filter>Tests\Crashes</Filter>
    </ClCompile>
    <ClCompile Include="src\tests\Monsters\ArmedMonsters\BeingKilledByMonsters.cpp">
      <Filter>Tests\Monsters\ArmedMonsters</Filter>
    </ClCompile>
    <ClCompile Include="src\tests\Monsters\ArmedMonsters\MovingIntoPuffs.cpp">
      <Filter>Tests\Monsters\ArmedMonsters</Filter>
    </ClCompile>
    <ClCompile Include="src\tests\Monsters\ArmedMonsters\RearmedGuards.cpp">
      <Filter>Tests\Monsters\ArmedMonsters</Filter>
    </ClCompile>
    <ClCompile Include="src\tests\Monsters\ArmedMonsters\RearmedSlayers.cpp">
      <Filter>Tests\Monsters\ArmedMonsters</Filter>
    </ClCompile>
    <ClCompile Include="src\tests\Monsters\ArmedMonsters\RearmedStalwarts.cpp">
      <Filter>Tests\Monsters\ArmedMonsters</Filter>
    </ClCompile>
    <ClCompile Include="src\tests\Monsters\ArmedMonsters\StalwartsAttackWithDagger.cpp">
      <Filter>Tests\Monsters\ArmedMonsters</Filter>
    </ClCompile>
    <ClCompile Include="src\tests\Monsters\ArmedMonsters\StrikingWhenStunned.cpp">
      <Filter>Tests\Monsters\ArmedMonsters</Filter>
    </ClCompile>
    <ClCompile Include="src\tests\Monsters\Aumtlich\CrackedOrbs.cpp">
      <Filter>Tests\Monsters\Aumtlich</Filter>
    </ClCompile>
    <ClCompile Include="src\tests\Player\Basic\BeethroVsPressurePlate.cpp">
      <Filter>Tests\Monsters\Player\Basic</Filter>
    </ClCompile>
    <ClCompile Include="src\tests\Player\Basic\MoveBeethroInEmptyRoom.cpp">
      <Filter>Tests\Monsters\Player\Basic</Filter>
    </ClCompile>
    <ClCompile Include="src\tests\Player\Bugs\PushNPCOnBlockingTile.cpp">
      <Filter>Tests\Monsters\Player\Bugs</Filter>
    </ClCompile>
    <ClCompile Include="src\tests\Player\Bugs\PushPlayerAgainstChain.cpp">
      <Filter>Tests\Monsters\Player\Bugs</Filter>
    </ClCompile>
    <ClCompile Include="src\tests\Player\Bugs\PushedPlayerKilledByHotTiles.cpp">
      <Filter>Tests\Monsters\Player\Bugs</Filter>
    </ClCompile>
    <ClCompile Include="src\tests\Player\Bugs\PushingMonstersOnHotTiles.cpp">
      <Filter>Tests\Monsters\Player\Bugs</Filter>
    </ClCompile>
  </ItemGroup>
  <ItemGroup>
    <ClInclude Include="src\catch.hpp" />
  </ItemGroup>
  <ItemGroup>
    <Filter Include="Tests">
      <UniqueIdentifier>{b1886f84-672c-490e-afc0-8c7f85842473}</UniqueIdentifier>
    </Filter>
    <Filter Include="Tests\Crashes">
      <UniqueIdentifier>{36ff5018-d6ba-418b-b22e-c5d9c4984e47}</UniqueIdentifier>
    </Filter>
    <Filter Include="Tests\Monsters">
      <UniqueIdentifier>{cb8dc739-4e76-427a-a239-6aa27710cf0e}</UniqueIdentifier>
    </Filter>
    <Filter Include="Tests\Monsters\ArmedMonsters">
      <UniqueIdentifier>{d1c44d27-e92c-4676-8364-469be2717a51}</UniqueIdentifier>
    </Filter>
    <Filter Include="Tests\Monsters\Aumtlich">
      <UniqueIdentifier>{87c43398-97ec-4e67-8bf0-b09bf658aaa8}</UniqueIdentifier>
    </Filter>
    <Filter Include="Tests\Monsters\Player">
      <UniqueIdentifier>{fffc2e19-3296-42cf-aef9-adf8a8d10952}</UniqueIdentifier>
    </Filter>
    <Filter Include="Tests\Monsters\Player\Basic">
      <UniqueIdentifier>{39575c3c-c7e8-425b-9d16-edcc3a925b70}</UniqueIdentifier>
    </Filter>
    <Filter Include="Tests\Monsters\Player\Bugs">
      <UniqueIdentifier>{80164149-2896-492e-9c28-41f47a3d7764}</UniqueIdentifier>
    </Filter>
    <Filter Include="Tests\Monsters\Player\PlayerRoles">
      <UniqueIdentifier>{897c7299-3813-4983-849f-c443ade18f48}</UniqueIdentifier>
    </Filter>
  </ItemGroup>
</Project>